
Microsoft Visual Studio Solution File, Format Version 12.00
# Visual Studio Version 17
VisualStudioVersion = 17.7.34031.279
MinimumVisualStudioVersion = 10.0.40219.1
Project("{FAE04EC0-301F-11D3-BF4B-00C04F79EFBC}") = "ProduceDBUpdater", "ProduceDBUpdater\ProduceDBUpdater.csproj", "{95F9CB99-BD3E-4C53-A084-CAC60437BD83}"
EndProject
Global
	GlobalSection(SolutionConfigurationPlatforms) = preSolution
		Debug|Any CPU = Debug|Any CPU
		Release|Any CPU = Release|Any CPU
	EndGlobalSection
	GlobalSection(ProjectConfigurationPlatforms) = postSolution
		{95F9CB99-BD3E-4C53-A084-CAC60437BD83}.Debug|Any CPU.ActiveCfg = Debug|Any CPU
		{95F9CB99-BD3E-4C53-A084-CAC60437BD83}.Debug|Any CPU.Build.0 = Debug|Any CPU
		{95F9CB99-BD3E-4C53-A084-CAC60437BD83}.Release|Any CPU.ActiveCfg = Release|Any CPU
		{95F9CB99-BD3E-4C53-A084-CAC60437BD83}.Release|Any CPU.Build.0 = Release|Any CPU
	EndGlobalSection
	GlobalSection(SolutionProperties) = preSolution
		HideSolutionNode = FALSE
	EndGlobalSection
	GlobalSection(ExtensibilityGlobals) = postSolution
		SolutionGuid = {129A2AC1-C3CA-4643-BBA7-18902ACC4090}
	EndGlobalSection
EndGlobal
